{
  "version": 4,
  "terraform_version": "1.9.7",
  "serial": 124,
  "lineage": "86abb569-2eb8-103a-1df4-6aa96ef0299e",
  "outputs": {
    "bastion_ip": {
      "value": "40.69.94.99",
      "type": "string"
    },
    "random_password": {
      "value": "XU!_d\u0026[Ri5G%t2[Q",
      "type": "string",
      "sensitive": true
    },
    "vm_private_ip": {
      "value": "10.1.192.4",
      "type": "string"
    }
  },
  "resources": [
    {
      "mode": "managed",
      "type": "azurerm_bastion_host",
      "name": "olaseabas",
      "provider": "provider[\"registry.terraform.io/hashicorp/azurerm\"]",
      "instances": [
        {
          "schema_version": 0,
          "attributes": {
            "copy_paste_enabled": true,
            "dns_name": "bst-8447b6af-564f-44d9-906a-7aab38c4ff4f.bastion.azure.com",
            "file_copy_enabled": false,
            "id": "/subscriptions/3ddadea6-786b-4549-8952-22502c6566db/resourceGroups/rgolasea/providers/Microsoft.Network/bastionHosts/olaseabas2",
            "ip_configuration": [
              {
                "name": "configuration",
                "public_ip_address_id": "/subscriptions/3ddadea6-786b-4549-8952-22502c6566db/resourceGroups/rgolasea/providers/Microsoft.Network/publicIPAddresses/publicolasea",
                "subnet_id": "/subscriptions/3ddadea6-786b-4549-8952-22502c6566db/resourceGroups/rgolasea/providers/Microsoft.Network/virtualNetworks/olasea/subnets/AzureBastionSubnet"
              }
            ],
            "ip_connect_enabled": false,
            "kerberos_enabled": false,
            "location": "northeurope",
            "name": "olaseabas2",
            "resource_group_name": "rgolasea",
            "scale_units": 2,
            "session_recording_enabled": false,
            "shareable_link_enabled": false,
            "sku": "Basic",
            "tags": {},
            "timeouts": null,
            "tunneling_enabled": false,
            "virtual_network_id": "",
            "zones": []
          },
          "sensitive_attributes": [],
          "private": "eyJlMmJmYjczMC1lY2FhLTExZTYtOGY4OC0zNDM2M2JjN2M0YzAiOnsiY3JlYXRlIjoxODAwMDAwMDAwMDAwLCJkZWxldGUiOjE4MDAwMDAwMDAwMDAsInJlYWQiOjMwMDAwMDAwMDAwMCwidXBkYXRlIjoxODAwMDAwMDAwMDAwfX0=",
          "dependencies": [
            "azurerm_public_ip.olaseaip",
            "azurerm_subnet.olaseasubnet1",
            "azurerm_virtual_network.olasea"
          ]
        }
      ]
    },
    {
      "mode": "managed",
      "type": "azurerm_linux_virtual_machine",
      "name": "linuxseaola",
      "provider": "provider[\"registry.terraform.io/hashicorp/azurerm\"]",
      "instances": [
        {
          "schema_version": 0,
          "attributes": {
            "additional_capabilities": [],
            "admin_password": "XU!_d\u0026[Ri5G%t2[Q",
            "admin_ssh_key": [
              {
                "public_key": "ssh-rsa AAAAB3NzaC1yc2EAAAADAQABAAACAQCZKvsMi7YRrSSxAKoyxwRq0jKMGtJffeS7Fz0yIFQcSlD5Ak+aT6BHsbpEjfD4O2D4GN5o64VGSzsVqss11pIcOqKqBMIRayBUo/nFwd1rXQ/F0X3zscaEQYUblQZ/fYZMUt83Glw5Xr97KOmkmqWRw428FqOY58qyO5oieuW8fmz0Hv8VIKN2dCO1mRCUASqRDyg6VSHrSa1ECiWEcQe2ery7yOtx0KSrWF3ViAkhwouexQRJvSMS62mnZ+EBmChWBmBdYuWm9bo0Kv+1aoFmFw4vNwWidzqv4R5ib27kdA3hHE54KJU9TNy9VWikmVvTc5B3K3+zbkKYg+D2hBUL9ctjH7pctSl+CSC+c9j+uZGdYK8ahMw5LURyx2YDzy4RuHLqEw5AWC3ZBVjhPmfblnSST0wIxSRzknhF6vJ78vQ/NpL26ZbNZhAohYJZuVUu965TcvVtEXJyH+orL250eA9RfkI1ox79qSOJ1hfOYsIWcvTgmGIjxzs0jMQUrZNwJqScL0V3sh2XpKUwM0PbkwAeh1vuoBygoH2F8ta8HLO1+dky9Z9MK2dqy+Hn4jEpc2nJ6TxonLzOAkeYbkhC5+tvMCIwMQhYF6oMZ1YWFWYnhBKWWpnwtvbyOCsO7KKyr/1Cqq4lzeldGmT/YLpseWtRxz6T7Z5yadROGPm3KQ==\n",
                "username": "adminuser"
              }
            ],
            "admin_username": "adminuser",
            "allow_extension_operations": true,
            "availability_set_id": "",
            "boot_diagnostics": [],
            "bypass_platform_safety_checks_on_user_schedule_enabled": false,
            "capacity_reservation_group_id": "",
            "computer_name": "linuxolaseavm",
            "custom_data": null,
            "dedicated_host_group_id": "",
            "dedicated_host_id": "",
            "disable_password_authentication": false,
            "disk_controller_type": "",
            "edge_zone": "",
            "encryption_at_host_enabled": false,
            "eviction_policy": "",
            "extensions_time_budget": "PT1H30M",
            "gallery_application": [],
            "id": "/subscriptions/3ddadea6-786b-4549-8952-22502c6566db/resourceGroups/rgolasea/providers/Microsoft.Compute/virtualMachines/linuxolaseavm",
            "identity": [],
            "license_type": "",
            "location": "northeurope",
            "max_bid_price": -1,
            "name": "linuxolaseavm",
            "network_interface_ids": [
              "/subscriptions/3ddadea6-786b-4549-8952-22502c6566db/resourceGroups/rgolasea/providers/Microsoft.Network/networkInterfaces/nic-olasea"
            ],
            "os_disk": [
              {
                "caching": "ReadWrite",
                "diff_disk_settings": [],
                "disk_encryption_set_id": "",
                "disk_size_gb": 30,
                "id": "/subscriptions/3ddadea6-786b-4549-8952-22502c6566db/resourceGroups/rgolasea/providers/Microsoft.Compute/disks/linuxolaseavm_disk1_5c323b9fd05d4e2f8f6f97936eb980c4",
                "name": "linuxolaseavm_disk1_5c323b9fd05d4e2f8f6f97936eb980c4",
                "secure_vm_disk_encryption_set_id": "",
                "security_encryption_type": "",
                "storage_account_type": "Standard_LRS",
                "write_accelerator_enabled": false
              }
            ],
            "os_image_notification": [],
            "patch_assessment_mode": "ImageDefault",
            "patch_mode": "ImageDefault",
            "plan": [],
            "platform_fault_domain": -1,
            "priority": "Regular",
            "private_ip_address": "10.1.192.4",
            "private_ip_addresses": [
              "10.1.192.4"
            ],
            "provision_vm_agent": true,
            "proximity_placement_group_id": "",
            "public_ip_address": "",
            "public_ip_addresses": [],
            "reboot_setting": "",
            "resource_group_name": "rgolasea",
            "secret": [],
            "secure_boot_enabled": false,
            "size": "Standard_F2",
            "source_image_id": "",
            "source_image_reference": [
              {
                "offer": "0001-com-ubuntu-server-jammy",
                "publisher": "Canonical",
                "sku": "22_04-lts",
                "version": "latest"
              }
            ],
            "tags": {},
            "termination_notification": [],
            "timeouts": null,
            "user_data": "",
            "virtual_machine_id": "c068b77d-d2ce-4ea3-8101-56268adb70f9",
            "virtual_machine_scale_set_id": "",
            "vm_agent_platform_updates_enabled": false,
            "vtpm_enabled": false,
            "zone": ""
          },
          "sensitive_attributes": [
            [
              {
                "type": "get_attr",
                "value": "custom_data"
              }
            ],
            [
              {
                "type": "get_attr",
                "value": "admin_password"
              }
            ]
          ],
          "private": "eyJlMmJmYjczMC1lY2FhLTExZTYtOGY4OC0zNDM2M2JjN2M0YzAiOnsiY3JlYXRlIjoyNzAwMDAwMDAwMDAwLCJkZWxldGUiOjI3MDAwMDAwMDAwMDAsInJlYWQiOjMwMDAwMDAwMDAwMCwidXBkYXRlIjoyNzAwMDAwMDAwMDAwfX0=",
          "dependencies": [
            "azurerm_network_interface.nicseaola1",
            "azurerm_subnet.vmolasea2",
            "azurerm_virtual_network.olasea",
            "random_password.randpass",
            "tls_private_key.pvtkvy"
          ]
        }
      ]
    },
    {
      "mode": "managed",
      "type": "azurerm_network_interface",
      "name": "nicseaola1",
      "provider": "provider[\"registry.terraform.io/hashicorp/azurerm\"]",
      "instances": [
        {
          "schema_version": 0,
          "attributes": {
            "accelerated_networking_enabled": false,
            "applied_dns_servers": [],
            "auxiliary_mode": "",
            "auxiliary_sku": "",
            "dns_servers": [],
            "edge_zone": "",
            "id": "/subscriptions/3ddadea6-786b-4549-8952-22502c6566db/resourceGroups/rgolasea/providers/Microsoft.Network/networkInterfaces/nic-olasea",
            "internal_dns_name_label": "",
            "internal_domain_name_suffix": "pt51p5uvxmnetaxwe2olja5jdg.fx.internal.cloudapp.net",
            "ip_configuration": [
              {
                "gateway_load_balancer_frontend_ip_configuration_id": "",
                "name": "internal",
                "primary": true,
                "private_ip_address": "10.1.192.4",
                "private_ip_address_allocation": "Dynamic",
                "private_ip_address_version": "IPv4",
                "public_ip_address_id": "",
                "subnet_id": "/subscriptions/3ddadea6-786b-4549-8952-22502c6566db/resourceGroups/rgolasea/providers/Microsoft.Network/virtualNetworks/olasea/subnets/internal"
              }
            ],
            "ip_forwarding_enabled": false,
            "location": "northeurope",
            "mac_address": "7C-1E-52-88-54-09",
            "name": "nic-olasea",
            "private_ip_address": "10.1.192.4",
            "private_ip_addresses": [
              "10.1.192.4"
            ],
            "resource_group_name": "rgolasea",
            "tags": {},
            "timeouts": null,
            "virtual_machine_id": "/subscriptions/3ddadea6-786b-4549-8952-22502c6566db/resourceGroups/rgolasea/providers/Microsoft.Compute/virtualMachines/linuxolaseavm"
          },
          "sensitive_attributes": [],
          "private": "eyJlMmJmYjczMC1lY2FhLTExZTYtOGY4OC0zNDM2M2JjN2M0YzAiOnsiY3JlYXRlIjoxODAwMDAwMDAwMDAwLCJkZWxldGUiOjE4MDAwMDAwMDAwMDAsInJlYWQiOjMwMDAwMDAwMDAwMCwidXBkYXRlIjoxODAwMDAwMDAwMDAwfX0=",
          "dependencies": [
            "azurerm_subnet.vmolasea2",
            "azurerm_virtual_network.olasea"
          ]
        }
      ]
    },
    {
      "mode": "managed",
      "type": "azurerm_public_ip",
      "name": "olaseaip",
      "provider": "provider[\"registry.terraform.io/hashicorp/azurerm\"]",
      "instances": [
        {
          "schema_version": 0,
          "attributes": {
            "allocation_method": "Static",
            "ddos_protection_mode": "VirtualNetworkInherited",
            "ddos_protection_plan_id": null,
            "domain_name_label": null,
            "domain_name_label_scope": null,
            "edge_zone": "",
            "fqdn": null,
            "id": "/subscriptions/3ddadea6-786b-4549-8952-22502c6566db/resourceGroups/rgolasea/providers/Microsoft.Network/publicIPAddresses/publicolasea",
            "idle_timeout_in_minutes": 4,
            "ip_address": "40.69.94.99",
            "ip_tags": {},
            "ip_version": "IPv4",
            "location": "northeurope",
            "name": "publicolasea",
            "public_ip_prefix_id": null,
            "resource_group_name": "rgolasea",
            "reverse_fqdn": null,
            "sku": "Standard",
            "sku_tier": "Regional",
            "tags": {},
            "timeouts": null,
            "zones": []
          },
          "sensitive_attributes": [],
          "private": "eyJlMmJmYjczMC1lY2FhLTExZTYtOGY4OC0zNDM2M2JjN2M0YzAiOnsiY3JlYXRlIjoxODAwMDAwMDAwMDAwLCJkZWxldGUiOjE4MDAwMDAwMDAwMDAsInJlYWQiOjMwMDAwMDAwMDAwMCwidXBkYXRlIjoxODAwMDAwMDAwMDAwfX0="
        }
      ]
    },
    {
      "mode": "managed",
      "type": "azurerm_resource_group",
      "name": "pm",
      "provider": "provider[\"registry.terraform.io/hashicorp/azurerm\"]",
      "instances": [
        {
          "schema_version": 0,
          "attributes": {
            "id": "/subscriptions/3ddadea6-786b-4549-8952-22502c6566db/resourceGroups/rgolasea",
            "location": "northeurope",
            "managed_by": "",
            "name": "rgolasea",
            "tags": {},
            "timeouts": null
          },
          "sensitive_attributes": [],
          "private": "eyJlMmJmYjczMC1lY2FhLTExZTYtOGY4OC0zNDM2M2JjN2M0YzAiOnsiY3JlYXRlIjo1NDAwMDAwMDAwMDAwLCJkZWxldGUiOjU0MDAwMDAwMDAwMDAsInJlYWQiOjMwMDAwMDAwMDAwMCwidXBkYXRlIjo1NDAwMDAwMDAwMDAwfX0="
        }
      ]
    },
    {
      "mode": "managed",
      "type": "azurerm_subnet",
      "name": "olaseasubnet1",
      "provider": "provider[\"registry.terraform.io/hashicorp/azurerm\"]",
      "instances": [
        {
          "schema_version": 0,
          "attributes": {
            "address_prefixes": [
              "10.1.128.0/18"
            ],
            "default_outbound_access_enabled": true,
            "delegation": [],
            "id": "/subscriptions/3ddadea6-786b-4549-8952-22502c6566db/resourceGroups/rgolasea/providers/Microsoft.Network/virtualNetworks/olasea/subnets/AzureBastionSubnet",
            "name": "AzureBastionSubnet",
            "private_endpoint_network_policies": "Disabled",
            "private_link_service_network_policies_enabled": true,
            "resource_group_name": "rgolasea",
            "service_endpoint_policy_ids": [],
            "service_endpoints": [],
            "timeouts": null,
            "virtual_network_name": "olasea"
          },
          "sensitive_attributes": [],
          "private": "eyJlMmJmYjczMC1lY2FhLTExZTYtOGY4OC0zNDM2M2JjN2M0YzAiOnsiY3JlYXRlIjoxODAwMDAwMDAwMDAwLCJkZWxldGUiOjE4MDAwMDAwMDAwMDAsInJlYWQiOjMwMDAwMDAwMDAwMCwidXBkYXRlIjoxODAwMDAwMDAwMDAwfX0=",
          "dependencies": [
            "azurerm_virtual_network.olasea"
          ]
        }
      ]
    },
    {
      "mode": "managed",
      "type": "azurerm_subnet",
      "name": "vmolasea2",
      "provider": "provider[\"registry.terraform.io/hashicorp/azurerm\"]",
      "instances": [
        {
          "schema_version": 0,
          "attributes": {
            "address_prefixes": [
              "10.1.192.0/18"
            ],
            "default_outbound_access_enabled": true,
            "delegation": [],
            "id": "/subscriptions/3ddadea6-786b-4549-8952-22502c6566db/resourceGroups/rgolasea/providers/Microsoft.Network/virtualNetworks/olasea/subnets/internal",
            "name": "internal",
            "private_endpoint_network_policies": "Disabled",
            "private_link_service_network_policies_enabled": true,
            "resource_group_name": "rgolasea",
            "service_endpoint_policy_ids": [],
            "service_endpoints": [],
            "timeouts": null,
            "virtual_network_name": "olasea"
          },
          "sensitive_attributes": [],
          "private": "eyJlMmJmYjczMC1lY2FhLTExZTYtOGY4OC0zNDM2M2JjN2M0YzAiOnsiY3JlYXRlIjoxODAwMDAwMDAwMDAwLCJkZWxldGUiOjE4MDAwMDAwMDAwMDAsInJlYWQiOjMwMDAwMDAwMDAwMCwidXBkYXRlIjoxODAwMDAwMDAwMDAwfX0=",
          "dependencies": [
            "azurerm_virtual_network.olasea"
          ]
        }
      ]
    },
    {
      "mode": "managed",
      "type": "azurerm_virtual_network",
      "name": "olasea",
      "provider": "provider[\"registry.terraform.io/hashicorp/azurerm\"]",
      "instances": [
        {
          "schema_version": 0,
          "attributes": {
            "address_space": [
              "10.1.0.0/16"
            ],
            "bgp_community": "",
            "ddos_protection_plan": [],
            "dns_servers": [],
            "edge_zone": "",
            "encryption": [],
            "flow_timeout_in_minutes": 0,
            "guid": "feb7ff7c-bb95-491a-82f6-271cb483e91e",
            "id": "/subscriptions/3ddadea6-786b-4549-8952-22502c6566db/resourceGroups/rgolasea/providers/Microsoft.Network/virtualNetworks/olasea",
            "location": "northeurope",
            "name": "olasea",
            "private_endpoint_vnet_policies": "Disabled",
            "resource_group_name": "rgolasea",
            "subnet": [
              {
                "address_prefixes": [
                  "10.1.128.0/18"
                ],
                "default_outbound_access_enabled": true,
                "delegation": [],
                "id": "/subscriptions/3ddadea6-786b-4549-8952-22502c6566db/resourceGroups/rgolasea/providers/Microsoft.Network/virtualNetworks/olasea/subnets/AzureBastionSubnet",
                "name": "AzureBastionSubnet",
                "private_endpoint_network_policies": "Disabled",
                "private_link_service_network_policies_enabled": true,
                "route_table_id": "",
                "security_group": "",
                "service_endpoint_policy_ids": [],
                "service_endpoints": []
              },
              {
                "address_prefixes": [
                  "10.1.192.0/18"
                ],
                "default_outbound_access_enabled": true,
                "delegation": [],
                "id": "/subscriptions/3ddadea6-786b-4549-8952-22502c6566db/resourceGroups/rgolasea/providers/Microsoft.Network/virtualNetworks/olasea/subnets/internal",
                "name": "internal",
                "private_endpoint_network_policies": "Disabled",
                "private_link_service_network_policies_enabled": true,
                "route_table_id": "",
                "security_group": "",
                "service_endpoint_policy_ids": [],
                "service_endpoints": []
              }
            ],
            "tags": {
              "environment": "dev"
            },
            "timeouts": null
          },
          "sensitive_attributes": [],
          "private": "eyJlMmJmYjczMC1lY2FhLTExZTYtOGY4OC0zNDM2M2JjN2M0YzAiOnsiY3JlYXRlIjoxODAwMDAwMDAwMDAwLCJkZWxldGUiOjE4MDAwMDAwMDAwMDAsInJlYWQiOjMwMDAwMDAwMDAwMCwidXBkYXRlIjoxODAwMDAwMDAwMDAwfX0="
        }
      ]
    },
    {
      "mode": "managed",
      "type": "random_password",
      "name": "randpass",
      "provider": "provider[\"registry.terraform.io/hashicorp/random\"]",
      "instances": [
        {
          "schema_version": 3,
          "attributes": {
            "bcrypt_hash": "$2a$10$drv7cwQZs71Pj6lD8t9aoeOINv7fMbNYfhPqPKCRB6IWDb3PuHCe6",
            "id": "none",
            "keepers": null,
            "length": 16,
            "lower": true,
            "min_lower": 0,
            "min_numeric": 0,
            "min_special": 0,
            "min_upper": 0,
            "number": true,
            "numeric": true,
            "override_special": null,
            "result": "XU!_d\u0026[Ri5G%t2[Q",
            "special": true,
            "upper": true
          },
          "sensitive_attributes": [
            [
              {
                "type": "get_attr",
                "value": "result"
              }
            ],
            [
              {
                "type": "get_attr",
                "value": "bcrypt_hash"
              }
            ]
          ]
        }
      ]
    },
    {
      "mode": "managed",
      "type": "tls_private_key",
      "name": "pvtkvy",
      "provider": "provider[\"registry.terraform.io/hashicorp/tls\"]",
      "instances": [
        {
          "schema_version": 1,
          "attributes": {
            "algorithm": "RSA",
            "ecdsa_curve": "P224",
            "id": "10a3f8b30b0e40f29628d48be24eff484f9f82a3",
            "private_key_openssh": "-----BEGIN OPENSSH PRIVATE KEY-----\nb3BlbnNzaC1rZXktdjEAAAAABG5vbmUAAAAEbm9uZQAAAAAAAAABAAACFwAAAAdz\nc2gtcnNhAAAAAwEAAQAAAgEAmSr7DIu2Ea0ksQCqMscEatIyjBrSX33kuxc9MiBU\nHEpQ+QJPmk+gR7G6RI3w+Dtg+BjeaOuFRks7FarLNdaSHDqiqgTCEWsgVKP5xcHd\na10PxdF987HGhEGFG5UGf32GTFLfNxpcOV6/eyjppJqlkcONvBajmOfKsjuaInrl\nvH5s9B7/FSCjdnQjtZkQlAEqkQ8oOlUh60mtRAolhHEHtnq8u8jrcdCkq1hd1YgJ\nIcKLnsUESb0jEutpp2fhAZgoVgZgXWLlpvW6NCr/tWqBZhcOLzcFonc6r+EeYm9u\n5HQN4RxOeCiVPUzcvVVopJlb03OQdyt/s25CmIPg9oQVC/XLYx+6XLUpfgkgvnPY\n/rmRnWCvGoTMOS1EcsdmA88uEbhy6hMOQFgt2QVY4T5n25Z0kk9MCMUkc5J4Rery\ne/L0PzaS9umWzWYQKIWCWblVLveuU3L1bRFych/qKy9udHgPUX5CNaMe/akjidYX\nzmLCFnL04JhiI8c7NIzEFK2TcCaknC9Fd7Idl6SlMDND25MAHodb7qAcoKB9hfLW\nvByztfnZMvWfTCtnasvh5+IxKXNpyek8aJy8zgJHmG5IQufrbzAiMDEIWBeqDGdW\nFhVmJ4QSllqZ8Lb28jgrDuyisq/9QqquJc3pXRpk/2C6bHlrUcc+k+2ecmnUThj5\ntykAAAc4ma34hZmt+IUAAAAHc3NoLXJzYQAAAgEAmSr7DIu2Ea0ksQCqMscEatIy\njBrSX33kuxc9MiBUHEpQ+QJPmk+gR7G6RI3w+Dtg+BjeaOuFRks7FarLNdaSHDqi\nqgTCEWsgVKP5xcHda10PxdF987HGhEGFG5UGf32GTFLfNxpcOV6/eyjppJqlkcON\nvBajmOfKsjuaInrlvH5s9B7/FSCjdnQjtZkQlAEqkQ8oOlUh60mtRAolhHEHtnq8\nu8jrcdCkq1hd1YgJIcKLnsUESb0jEutpp2fhAZgoVgZgXWLlpvW6NCr/tWqBZhcO\nLzcFonc6r+EeYm9u5HQN4RxOeCiVPUzcvVVopJlb03OQdyt/s25CmIPg9oQVC/XL\nYx+6XLUpfgkgvnPY/rmRnWCvGoTMOS1EcsdmA88uEbhy6hMOQFgt2QVY4T5n25Z0\nkk9MCMUkc5J4Rerye/L0PzaS9umWzWYQKIWCWblVLveuU3L1bRFych/qKy9udHgP\nUX5CNaMe/akjidYXzmLCFnL04JhiI8c7NIzEFK2TcCaknC9Fd7Idl6SlMDND25MA\nHodb7qAcoKB9hfLWvByztfnZMvWfTCtnasvh5+IxKXNpyek8aJy8zgJHmG5IQufr\nbzAiMDEIWBeqDGdWFhVmJ4QSllqZ8Lb28jgrDuyisq/9QqquJc3pXRpk/2C6bHlr\nUcc+k+2ecmnUThj5tykAAAADAQABAAACAEh5+Q9HsOCOYHVNDjw2xhVR309Chddf\nt/L7nR5yA7rbQ5OAj3BCS2KBa9VyoNqlJk5fXiahg4/um0e2aK/SF5M5/6yZ0cby\nPPswGEmGYaKjB4qghYvhzEDazARwMQH0wK6u7Caj143iEpNRmbUk5EGkGhYtVD5P\nOC+8WkQEiV73J9EgNa2moxKzBA6zHhAauSyo0m0/yWwPkehHMNeJsI+dZl8pRJe3\nlaPqjYQz+bY621xGd6/4ynbyZC0tz1+0wylpnQGzgV3OmsyCqDsM6awILtMSoxzs\ndB2zVXBYsE1zyPmDLnJXKb829qC0oG56juPwpCRvtd6Oxv5qMPIVL+ucfEhzv2ZJ\nvn5Jy9xtZk/ETL3lj0I7juugohpAvatZ+RQxZ8LYbi0E+nNj1VxjxkOoLwR8AzmE\n/ljqBOfQlGlRm++D3zdw5Oxnud1Ypw3ANOV6bxQfKBh1xJOklGwr9XLLvrymSe30\nKVj+He6GL3uofANI/esqoH3oK/GVye6sEUbK63HG8NMw0iFFOwVubi8Uf+ZEKjEr\nIb3147SGkfGARxAiHnIsvnOebjabNZMb9SVoDY22Q+hssidncfb/koI5OD3HD8rc\nZDOKuTYQhFU+XoZoHhV1CiaHlZPnnPG1zkH6V+O6ta954UwfeOvZBCoFpFVAVf/T\n/6Uw3h7cN1rNAAABAHCAw6lE5El8FfJwbg+xo8eXI5/9PF5qBCpcrPLjvIMY6dwD\nnmzr60VoPEhOUOub/mWmJjCdn3re/kt7/bPZheZu5EP5ywZN8+bGBpNLbsEvL3nt\npr5CqhsRSm9wrudYJqOZ0LP+7TIfJ2JJKdHLlryDPcFUWGrZRNqV6xe4F2bA1up4\ncZxPBJzLEvkhpLsQrtHSV9CJzJKhKOirN5to++f7E2DrFyIWDCaokng+hXWogy1P\nm+7McpSLJVLQGb/4p0EVw6fPi5DdlOuN8Dq+5LRZN4d1NTFj3wxKhYiBZV38mY27\nEj8e5+g/Pps5i1RgfhbsASpYfrohlMJV3TuTqsUAAAEBAMeNoHdR9dzzs7OY88GD\nJTCVYfcpJj6zFQF+6cyLLvCbqn0gljncz5O2FqGBWJ7RBH/LptsNLM8TJqNDFXHo\nmU4sFk09nmEdqbI9jDYBDYw3MZHp8TY/MPVGjkw0uLfOJ9neS1ls2stl5JKA8S6v\nEXRoOllYaO5m4jdYjFeCg0dIhChCJy5V4aWK3rBcib+R5KBeO9yHT3Zsv1JVGbGt\nXCcqsx7b1jHvjovkl4Ul6y8mc2WoUBfAyUblDATeDNH1UCScDxnK8TpkA5ntmjCX\n7Kz4t2ynRoiWPLAmO1m4iSvrRZYlCgJupUJe3tsoq+5t27DyCcaemr5ZmkSQ52VV\n8oMAAAEBAMR+bGIXgEkkZYMBuf6MhaqHqv6PaHVGaTIjeKC1maARlrgyiPGgzotl\na/CcTR6IAqnmr/m//4fhDus2ueZ5npJYlzOfoZcS0qXtVPUIox3/JJtQR2fxNFOa\nuFI1vgPgNE4SLfdorIsBbaAbyN8IPJ0OofNpuuXGt0ywl3gE9pUwxU76PykVeeKx\nMx53ElWmT/tmRM3HbWG3Ira6fF3FIdRDKTtnpy7RA6CrC0R0VHSQmz9nCNcKr7u5\nEHmKrYSvdP+JIvSbCaqxtDOqMh+K6FfpLya6eUsL1o1B7fIUTc9P1ZKvM3F65XOA\n/+3IKDTjl8sWc6AUOqXbuMvsc7vaD+MAAAAAAQID\n-----END OPENSSH PRIVATE KEY-----\n",
            "private_key_pem": "-----BEGIN RSA PRIVATE KEY-----\nMIIJKAIBAAKCAgEAmSr7DIu2Ea0ksQCqMscEatIyjBrSX33kuxc9MiBUHEpQ+QJP\nmk+gR7G6RI3w+Dtg+BjeaOuFRks7FarLNdaSHDqiqgTCEWsgVKP5xcHda10PxdF9\n87HGhEGFG5UGf32GTFLfNxpcOV6/eyjppJqlkcONvBajmOfKsjuaInrlvH5s9B7/\nFSCjdnQjtZkQlAEqkQ8oOlUh60mtRAolhHEHtnq8u8jrcdCkq1hd1YgJIcKLnsUE\nSb0jEutpp2fhAZgoVgZgXWLlpvW6NCr/tWqBZhcOLzcFonc6r+EeYm9u5HQN4RxO\neCiVPUzcvVVopJlb03OQdyt/s25CmIPg9oQVC/XLYx+6XLUpfgkgvnPY/rmRnWCv\nGoTMOS1EcsdmA88uEbhy6hMOQFgt2QVY4T5n25Z0kk9MCMUkc5J4Rerye/L0PzaS\n9umWzWYQKIWCWblVLveuU3L1bRFych/qKy9udHgPUX5CNaMe/akjidYXzmLCFnL0\n4JhiI8c7NIzEFK2TcCaknC9Fd7Idl6SlMDND25MAHodb7qAcoKB9hfLWvByztfnZ\nMvWfTCtnasvh5+IxKXNpyek8aJy8zgJHmG5IQufrbzAiMDEIWBeqDGdWFhVmJ4QS\nllqZ8Lb28jgrDuyisq/9QqquJc3pXRpk/2C6bHlrUcc+k+2ecmnUThj5tykCAwEA\nAQKCAgBIefkPR7DgjmB1TQ48NsYVUd9PQoXXX7fy+50ecgO620OTgI9wQktigWvV\ncqDapSZOX14moYOP7ptHtmiv0heTOf+smdHG8jz7MBhJhmGioweKoIWL4cxA2swE\ncDEB9MCuruwmo9eN4hKTUZm1JORBpBoWLVQ+TzgvvFpEBIle9yfRIDWtpqMSswQO\nsx4QGrksqNJtP8lsD5HoRzDXibCPnWZfKUSXt5Wj6o2EM/m2OttcRnev+Mp28mQt\nLc9ftMMpaZ0Bs4FdzprMgqg7DOmsCC7TEqMc7HQds1VwWLBNc8j5gy5yVym/Nvag\ntKBueo7j8KQkb7Xejsb+ajDyFS/rnHxIc79mSb5+ScvcbWZPxEy95Y9CO47roKIa\nQL2rWfkUMWfC2G4tBPpzY9VcY8ZDqC8EfAM5hP5Y6gTn0JRpUZvvg983cOTsZ7nd\nWKcNwDTlem8UHygYdcSTpJRsK/Vyy768pknt9ClY/h3uhi97qHwDSP3rKqB96Cvx\nlcnurBFGyutxxvDTMNIhRTsFbm4vFH/mRCoxKyG99eO0hpHxgEcQIh5yLL5znm42\nmzWTG/UlaA2NtkPobLInZ3H2/5KCOTg9xw/K3GQzirk2EIRVPl6GaB4VdQomh5WT\n55zxtc5B+lfjurWveeFMH3jr2QQqBaRVQFX/0/+lMN4e3DdazQKCAQEAx42gd1H1\n3POzs5jzwYMlMJVh9ykmPrMVAX7pzIsu8JuqfSCWOdzPk7YWoYFYntEEf8um2w0s\nzxMmo0MVceiZTiwWTT2eYR2psj2MNgENjDcxkenxNj8w9UaOTDS4t84n2d5LWWza\ny2XkkoDxLq8RdGg6WVho7mbiN1iMV4KDR0iEKEInLlXhpYresFyJv5HkoF473IdP\ndmy/UlUZsa1cJyqzHtvWMe+Oi+SXhSXrLyZzZahQF8DJRuUMBN4M0fVQJJwPGcrx\nOmQDme2aMJfsrPi3bKdGiJY8sCY7WbiJK+tFliUKAm6lQl7e2yir7m3bsPIJxp6a\nvlmaRJDnZVXygwKCAQEAxH5sYheASSRlgwG5/oyFqoeq/o9odUZpMiN4oLWZoBGW\nuDKI8aDOi2Vr8JxNHogCqeav+b//h+EO6za55nmekliXM5+hlxLSpe1U9QijHf8k\nm1BHZ/E0U5q4UjW+A+A0ThIt92isiwFtoBvI3wg8nQ6h82m65ca3TLCXeAT2lTDF\nTvo/KRV54rEzHncSVaZP+2ZEzcdtYbcitrp8XcUh1EMpO2enLtEDoKsLRHRUdJCb\nP2cI1wqvu7kQeYqthK90/4ki9JsJqrG0M6oyH4roV+kvJrp5SwvWjUHt8hRNz0/V\nkq8zcXrlc4D/7cgoNOOXyxZzoBQ6pdu4y+xzu9oP4wKCAQAPRSgtWUk+IivzJ1Yn\nzbhP0m6Pskdp7txBpAuSCmiKIu9V6eN1BA+iVwG+VB6K8KWufdAD3Ss7oVSIk76V\nW943XCpMuNVgyxtMN2d+TnBR9XtGlidOJmHBsyd6b2JfNlhYVKlha3IGtIJcL5/F\nGcJ1LPCiG6DT9W2EHLOIksUm9EagqgdDhXDh8RF/X2VvEmPzXaKpCnWrM0EktLxl\nm0V8/ch9KQdoBNPcop5xougvUHruIYYXezorwaU8zh0fB+2dD5AcQipZdIPOCJ+O\n7mE/Dz1CBD7iftSgChzqjbN5d+R4S9dLPlpJDOdyz9bwRNnV3X+gAk0HGeYzLv92\nArCvAoIBAQCIQPZdKti9X2y45IiaF81UjBEpxj30HKgzqV8raeImmiu+fORzUUQI\na4Lm7SuZAU1/jUT31YiXK5wRxPgx9qHb72yh0o7V2KqTfriL1bpuwY8b2BY74Imd\nc8tezn995om+nWKcjkwfdBUVkk6/QdHuQshQpz9/uEVA+698/UwT9ibL9kG39nl3\nldLRzFW9aL9LoAYT/7c8rCZ5OWWmDF3B9/RuihjnIO74CcOda2FpFyFgXM1HeNSV\nQuZGscBTIuvpiqnfnmaco+9GaD2rm8Izu7IDlAkp3gKgH1ilpiiymjSKK81rYoIb\njxdpRoOC8VM/88in938Xpf5GAifa2oJrAoIBAHCAw6lE5El8FfJwbg+xo8eXI5/9\nPF5qBCpcrPLjvIMY6dwDnmzr60VoPEhOUOub/mWmJjCdn3re/kt7/bPZheZu5EP5\nywZN8+bGBpNLbsEvL3ntpr5CqhsRSm9wrudYJqOZ0LP+7TIfJ2JJKdHLlryDPcFU\nWGrZRNqV6xe4F2bA1up4cZxPBJzLEvkhpLsQrtHSV9CJzJKhKOirN5to++f7E2Dr\nFyIWDCaokng+hXWogy1Pm+7McpSLJVLQGb/4p0EVw6fPi5DdlOuN8Dq+5LRZN4d1\nNTFj3wxKhYiBZV38mY27Ej8e5+g/Pps5i1RgfhbsASpYfrohlMJV3TuTqsU=\n-----END RSA PRIVATE KEY-----\n",
            "private_key_pem_pkcs8": "-----BEGIN PRIVATE KEY-----\nMIIJQgIBADANBgkqhkiG9w0BAQEFAASCCSwwggkoAgEAAoICAQCZKvsMi7YRrSSx\nAKoyxwRq0jKMGtJffeS7Fz0yIFQcSlD5Ak+aT6BHsbpEjfD4O2D4GN5o64VGSzsV\nqss11pIcOqKqBMIRayBUo/nFwd1rXQ/F0X3zscaEQYUblQZ/fYZMUt83Glw5Xr97\nKOmkmqWRw428FqOY58qyO5oieuW8fmz0Hv8VIKN2dCO1mRCUASqRDyg6VSHrSa1E\nCiWEcQe2ery7yOtx0KSrWF3ViAkhwouexQRJvSMS62mnZ+EBmChWBmBdYuWm9bo0\nKv+1aoFmFw4vNwWidzqv4R5ib27kdA3hHE54KJU9TNy9VWikmVvTc5B3K3+zbkKY\ng+D2hBUL9ctjH7pctSl+CSC+c9j+uZGdYK8ahMw5LURyx2YDzy4RuHLqEw5AWC3Z\nBVjhPmfblnSST0wIxSRzknhF6vJ78vQ/NpL26ZbNZhAohYJZuVUu965TcvVtEXJy\nH+orL250eA9RfkI1ox79qSOJ1hfOYsIWcvTgmGIjxzs0jMQUrZNwJqScL0V3sh2X\npKUwM0PbkwAeh1vuoBygoH2F8ta8HLO1+dky9Z9MK2dqy+Hn4jEpc2nJ6TxonLzO\nAkeYbkhC5+tvMCIwMQhYF6oMZ1YWFWYnhBKWWpnwtvbyOCsO7KKyr/1Cqq4lzeld\nGmT/YLpseWtRxz6T7Z5yadROGPm3KQIDAQABAoICAEh5+Q9HsOCOYHVNDjw2xhVR\n309Chddft/L7nR5yA7rbQ5OAj3BCS2KBa9VyoNqlJk5fXiahg4/um0e2aK/SF5M5\n/6yZ0cbyPPswGEmGYaKjB4qghYvhzEDazARwMQH0wK6u7Caj143iEpNRmbUk5EGk\nGhYtVD5POC+8WkQEiV73J9EgNa2moxKzBA6zHhAauSyo0m0/yWwPkehHMNeJsI+d\nZl8pRJe3laPqjYQz+bY621xGd6/4ynbyZC0tz1+0wylpnQGzgV3OmsyCqDsM6awI\nLtMSoxzsdB2zVXBYsE1zyPmDLnJXKb829qC0oG56juPwpCRvtd6Oxv5qMPIVL+uc\nfEhzv2ZJvn5Jy9xtZk/ETL3lj0I7juugohpAvatZ+RQxZ8LYbi0E+nNj1VxjxkOo\nLwR8AzmE/ljqBOfQlGlRm++D3zdw5Oxnud1Ypw3ANOV6bxQfKBh1xJOklGwr9XLL\nvrymSe30KVj+He6GL3uofANI/esqoH3oK/GVye6sEUbK63HG8NMw0iFFOwVubi8U\nf+ZEKjErIb3147SGkfGARxAiHnIsvnOebjabNZMb9SVoDY22Q+hssidncfb/koI5\nOD3HD8rcZDOKuTYQhFU+XoZoHhV1CiaHlZPnnPG1zkH6V+O6ta954UwfeOvZBCoF\npFVAVf/T/6Uw3h7cN1rNAoIBAQDHjaB3UfXc87OzmPPBgyUwlWH3KSY+sxUBfunM\niy7wm6p9IJY53M+TthahgVie0QR/y6bbDSzPEyajQxVx6JlOLBZNPZ5hHamyPYw2\nAQ2MNzGR6fE2PzD1Ro5MNLi3zifZ3ktZbNrLZeSSgPEurxF0aDpZWGjuZuI3WIxX\ngoNHSIQoQicuVeGlit6wXIm/keSgXjvch092bL9SVRmxrVwnKrMe29Yx746L5JeF\nJesvJnNlqFAXwMlG5QwE3gzR9VAknA8ZyvE6ZAOZ7Zowl+ys+Ldsp0aIljywJjtZ\nuIkr60WWJQoCbqVCXt7bKKvubduw8gnGnpq+WZpEkOdlVfKDAoIBAQDEfmxiF4BJ\nJGWDAbn+jIWqh6r+j2h1RmkyI3igtZmgEZa4MojxoM6LZWvwnE0eiAKp5q/5v/+H\n4Q7rNrnmeZ6SWJczn6GXEtKl7VT1CKMd/ySbUEdn8TRTmrhSNb4D4DROEi33aKyL\nAW2gG8jfCDydDqHzabrlxrdMsJd4BPaVMMVO+j8pFXnisTMedxJVpk/7ZkTNx21h\ntyK2unxdxSHUQyk7Z6cu0QOgqwtEdFR0kJs/ZwjXCq+7uRB5iq2Er3T/iSL0mwmq\nsbQzqjIfiuhX6S8munlLC9aNQe3yFE3PT9WSrzNxeuVzgP/tyCg045fLFnOgFDql\n27jL7HO72g/jAoIBAA9FKC1ZST4iK/MnVifNuE/Sbo+yR2nu3EGkC5IKaIoi71Xp\n43UED6JXAb5UHorwpa590APdKzuhVIiTvpVb3jdcKky41WDLG0w3Z35OcFH1e0aW\nJ04mYcGzJ3pvYl82WFhUqWFrcga0glwvn8UZwnUs8KIboNP1bYQcs4iSxSb0RqCq\nB0OFcOHxEX9fZW8SY/NdoqkKdaszQSS0vGWbRXz9yH0pB2gE09yinnGi6C9Qeu4h\nhhd7OivBpTzOHR8H7Z0PkBxCKll0g84In47uYT8PPUIEPuJ+1KAKHOqNs3l35HhL\n10s+WkkM53LP1vBE2dXdf6ACTQcZ5jMu/3YCsK8CggEBAIhA9l0q2L1fbLjkiJoX\nzVSMESnGPfQcqDOpXytp4iaaK7585HNRRAhrgubtK5kBTX+NRPfViJcrnBHE+DH2\nodvvbKHSjtXYqpN+uIvVum7BjxvYFjvgiZ1zy17Of33mib6dYpyOTB90FRWSTr9B\n0e5CyFCnP3+4RUD7r3z9TBP2Jsv2Qbf2eXeV0tHMVb1ov0ugBhP/tzysJnk5ZaYM\nXcH39G6KGOcg7vgJw51rYWkXIWBczUd41JVC5kaxwFMi6+mKqd+eZpyj70ZoPaub\nwjO7sgOUCSneAqAfWKWmKLKaNIorzWtighuPF2lGg4LxUz/zyKf3fxel/kYCJ9ra\ngmsCggEAcIDDqUTkSXwV8nBuD7Gjx5cjn/08XmoEKlys8uO8gxjp3AOebOvrRWg8\nSE5Q65v+ZaYmMJ2fet7+S3v9s9mF5m7kQ/nLBk3z5sYGk0tuwS8vee2mvkKqGxFK\nb3Cu51gmo5nQs/7tMh8nYkkp0cuWvIM9wVRYatlE2pXrF7gXZsDW6nhxnE8EnMsS\n+SGkuxCu0dJX0InMkqEo6Ks3m2j75/sTYOsXIhYMJqiSeD6FdaiDLU+b7sxylIsl\nUtAZv/inQRXDp8+LkN2U643wOr7ktFk3h3U1MWPfDEqFiIFlXfyZjbsSPx7n6D8+\nmzmLVGB+FuwBKlh+uiGUwlXdO5OqxQ==\n-----END PRIVATE KEY-----\n",
            "public_key_fingerprint_md5": "06:f9:b0:b9:87:b8:2e:b0:ae:bf:fb:41:aa:0e:b9:c5",
            "public_key_fingerprint_sha256": "SHA256:J0b1yfGZjcL94ahlqiEi7Gl96U9qnFZYTYscQ7gGBuE",
            "public_key_openssh": "ssh-rsa AAAAB3NzaC1yc2EAAAADAQABAAACAQCZKvsMi7YRrSSxAKoyxwRq0jKMGtJffeS7Fz0yIFQcSlD5Ak+aT6BHsbpEjfD4O2D4GN5o64VGSzsVqss11pIcOqKqBMIRayBUo/nFwd1rXQ/F0X3zscaEQYUblQZ/fYZMUt83Glw5Xr97KOmkmqWRw428FqOY58qyO5oieuW8fmz0Hv8VIKN2dCO1mRCUASqRDyg6VSHrSa1ECiWEcQe2ery7yOtx0KSrWF3ViAkhwouexQRJvSMS62mnZ+EBmChWBmBdYuWm9bo0Kv+1aoFmFw4vNwWidzqv4R5ib27kdA3hHE54KJU9TNy9VWikmVvTc5B3K3+zbkKYg+D2hBUL9ctjH7pctSl+CSC+c9j+uZGdYK8ahMw5LURyx2YDzy4RuHLqEw5AWC3ZBVjhPmfblnSST0wIxSRzknhF6vJ78vQ/NpL26ZbNZhAohYJZuVUu965TcvVtEXJyH+orL250eA9RfkI1ox79qSOJ1hfOYsIWcvTgmGIjxzs0jMQUrZNwJqScL0V3sh2XpKUwM0PbkwAeh1vuoBygoH2F8ta8HLO1+dky9Z9MK2dqy+Hn4jEpc2nJ6TxonLzOAkeYbkhC5+tvMCIwMQhYF6oMZ1YWFWYnhBKWWpnwtvbyOCsO7KKyr/1Cqq4lzeldGmT/YLpseWtRxz6T7Z5yadROGPm3KQ==\n",
            "public_key_pem": "-----BEGIN PUBLIC KEY-----\nMIICIjANBgkqhkiG9w0BAQEFAAOCAg8AMIICCgKCAgEAmSr7DIu2Ea0ksQCqMscE\natIyjBrSX33kuxc9MiBUHEpQ+QJPmk+gR7G6RI3w+Dtg+BjeaOuFRks7FarLNdaS\nHDqiqgTCEWsgVKP5xcHda10PxdF987HGhEGFG5UGf32GTFLfNxpcOV6/eyjppJql\nkcONvBajmOfKsjuaInrlvH5s9B7/FSCjdnQjtZkQlAEqkQ8oOlUh60mtRAolhHEH\ntnq8u8jrcdCkq1hd1YgJIcKLnsUESb0jEutpp2fhAZgoVgZgXWLlpvW6NCr/tWqB\nZhcOLzcFonc6r+EeYm9u5HQN4RxOeCiVPUzcvVVopJlb03OQdyt/s25CmIPg9oQV\nC/XLYx+6XLUpfgkgvnPY/rmRnWCvGoTMOS1EcsdmA88uEbhy6hMOQFgt2QVY4T5n\n25Z0kk9MCMUkc5J4Rerye/L0PzaS9umWzWYQKIWCWblVLveuU3L1bRFych/qKy9u\ndHgPUX5CNaMe/akjidYXzmLCFnL04JhiI8c7NIzEFK2TcCaknC9Fd7Idl6SlMDND\n25MAHodb7qAcoKB9hfLWvByztfnZMvWfTCtnasvh5+IxKXNpyek8aJy8zgJHmG5I\nQufrbzAiMDEIWBeqDGdWFhVmJ4QSllqZ8Lb28jgrDuyisq/9QqquJc3pXRpk/2C6\nbHlrUcc+k+2ecmnUThj5tykCAwEAAQ==\n-----END PUBLIC KEY-----\n",
            "rsa_bits": 4096
          },
          "sensitive_attributes": [
            [
              {
                "type": "get_attr",
                "value": "private_key_pem_pkcs8"
              }
            ],
            [
              {
                "type": "get_attr",
                "value": "private_key_openssh"
              }
            ],
            [
              {
                "type": "get_attr",
                "value": "private_key_pem"
              }
            ]
          ]
        }
      ]
    }
  ],
  "check_results": null
}
